
Microsoft Visual Studio Solution File, Format Version 12.00
# Visual Studio 14
VisualStudioVersion = 14.0.22823.1
MinimumVisualStudioVersion = 10.0.40219.1
Project("{F2A71F9B-5D33-465A-A702-920D77279786}") = "FITS", "FITS\FITS.fsproj", "{5A3FB3CD-5485-4BF3-9524-73AEA5781B3F}"
EndProject
Project("{F2A71F9B-5D33-465A-A702-920D77279786}") = "Tests", "Tests\Tests.fsproj", "{6C573AAF-BF60-4AB6-A31D-FAA7D679A950}"
EndProject
Project("{2150E333-8FDC-42A3-9474-1A3956D46DE8}") = "Samples", "Samples", "{77B76A44-AEB7-4045-8387-F91FE0322766}"
	ProjectSection(SolutionItems) = preProject
		Bad.fits = Bad.fits
		headerNoEnd.fits = headerNoEnd.fits
		superBasic.fits = superBasic.fits
	EndProjectSection
EndProject
Global
	GlobalSection(SolutionConfigurationPlatforms) = preSolution
		Debug|Any CPU = Debug|Any CPU
		Release|Any CPU = Release|Any CPU
	EndGlobalSection
	GlobalSection(ProjectConfigurationPlatforms) = postSolution
		{5A3FB3CD-5485-4BF3-9524-73AEA5781B3F}.Debug|Any CPU.ActiveCfg = Debug|Any CPU
		{5A3FB3CD-5485-4BF3-9524-73AEA5781B3F}.Debug|Any CPU.Build.0 = Debug|Any CPU
		{5A3FB3CD-5485-4BF3-9524-73AEA5781B3F}.Release|Any CPU.ActiveCfg = Release|Any CPU
		{5A3FB3CD-5485-4BF3-9524-73AEA5781B3F}.Release|Any CPU.Build.0 = Release|Any CPU
		{6C573AAF-BF60-4AB6-A31D-FAA7D679A950}.Debug|Any CPU.ActiveCfg = Debug|Any CPU
		{6C573AAF-BF60-4AB6-A31D-FAA7D679A950}.Debug|Any CPU.Build.0 = Debug|Any CPU
		{6C573AAF-BF60-4AB6-A31D-FAA7D679A950}.Release|Any CPU.ActiveCfg = Release|Any CPU
		{6C573AAF-BF60-4AB6-A31D-FAA7D679A950}.Release|Any CPU.Build.0 = Release|Any CPU
	EndGlobalSection
	GlobalSection(SolutionProperties) = preSolution
		HideSolutionNode = FALSE
	EndGlobalSection
EndGlobal
